
Microsoft Visual Studio Solution File, Format Version 12.00
# Visual Studio 14
VisualStudioVersion = 14.0.25420.1
MinimumVisualStudioVersion = 10.0.40219.1
Project("{2150E333-8FDC-42A3-9474-1A3956D46DE8}") = "Engine", "Engine", "{5B61DD73-2771-4FEE-9247-30C4A071E48D}"
EndProject
Project("{2150E333-8FDC-42A3-9474-1A3956D46DE8}") = "Games", "Games", "{BE832207-3236-4BB4-A0BB-D40C92E270FB}"
EndProject
Project("{8BC9CEB8-8B4A-11D0-8D11-00A0C91BC942}") = "UE4", "Intermediate\ProjectFiles\UE4.vcxproj", "{659CAC05-ECF7-4DDD-A484-5E5EA8978BCD}"
EndProject
Project("{8BC9CEB8-8B4A-11D0-8D11-00A0C91BC942}") = "BuildingEscape", "Intermediate\ProjectFiles\BuildingEscape.vcxproj", "{C76F31CC-77B5-4BD2-BAF8-DDF257EC80DF}"
EndProject
Global
	GlobalSection(SolutionConfigurationPlatforms) = preSolution
		DebugGame Editor|HTML5 = DebugGame Editor|HTML5
		DebugGame Editor|Win32 = DebugGame Editor|Win32
		DebugGame Editor|Win64 = DebugGame Editor|Win64
		DebugGame|HTML5 = DebugGame|HTML5
		DebugGame|Win32 = DebugGame|Win32
		DebugGame|Win64 = DebugGame|Win64
		Development Editor|HTML5 = Development Editor|HTML5
		Development Editor|Win32 = Development Editor|Win32
		Development Editor|Win64 = Development Editor|Win64
		Development|HTML5 = Development|HTML5
		Development|Win32 = Development|Win32
		Development|Win64 = Development|Win64
		Shipping|HTML5 = Shipping|HTML5
		Shipping|Win32 = Shipping|Win32
		Shipping|Win64 = Shipping|Win64
	EndGlobalSection
	GlobalSection(ProjectConfigurationPlatforms) = postSolution
		{659CAC05-ECF7-4DDD-A484-5E5EA8978BCD}.DebugGame Editor|HTML5.ActiveCfg = BuiltWithUnrealBuildTool|Win32
		{659CAC05-ECF7-4DDD-A484-5E5EA8978BCD}.DebugGame Editor|HTML5.Build.0 = BuiltWithUnrealBuildTool|Win32
		{659CAC05-ECF7-4DDD-A484-5E5EA8978BCD}.DebugGame Editor|Win32.ActiveCfg = BuiltWithUnrealBuildTool|Win32
		{659CAC05-ECF7-4DDD-A484-5E5EA8978BCD}.DebugGame Editor|Win32.Build.0 = BuiltWithUnrealBuildTool|Win32
		{659CAC05-ECF7-4DDD-A484-5E5EA8978BCD}.DebugGame Editor|Win64.ActiveCfg = BuiltWithUnrealBuildTool|Win32
		{659CAC05-ECF7-4DDD-A484-5E5EA8978BCD}.DebugGame Editor|Win64.Build.0 = BuiltWithUnrealBuildTool|Win32
		{659CAC05-ECF7-4DDD-A484-5E5EA8978BCD}.DebugGame|HTML5.ActiveCfg = BuiltWithUnrealBuildTool|Win32
		{659CAC05-ECF7-4DDD-A484-5E5EA8978BCD}.DebugGame|HTML5.Build.0 = BuiltWithUnrealBuildTool|Win32
		{659CAC05-ECF7-4DDD-A484-5E5EA8978BCD}.DebugGame|Win32.ActiveCfg = BuiltWithUnrealBuildTool|Win32
		{659CAC05-ECF7-4DDD-A484-5E5EA8978BCD}.DebugGame|Win32.Build.0 = BuiltWithUnrealBuildTool|Win32
		{659CAC05-ECF7-4DDD-A484-5E5EA8978BCD}.DebugGame|Win64.ActiveCfg = BuiltWithUnrealBuildTool|Win32
		{659CAC05-ECF7-4DDD-A484-5E5EA8978BCD}.DebugGame|Win64.Build.0 = BuiltWithUnrealBuildTool|Win32
		{659CAC05-ECF7-4DDD-A484-5E5EA8978BCD}.Development Editor|HTML5.ActiveCfg = BuiltWithUnrealBuildTool|Win32
		{659CAC05-ECF7-4DDD-A484-5E5EA8978BCD}.Development Editor|HTML5.Build.0 = BuiltWithUnrealBuildTool|Win32
		{659CAC05-ECF7-4DDD-A484-5E5EA8978BCD}.Development Editor|Win32.ActiveCfg = BuiltWithUnrealBuildTool|Win32
		{659CAC05-ECF7-4DDD-A484-5E5EA8978BCD}.Development Editor|Win32.Build.0 = BuiltWithUnrealBuildTool|Win32
		{659CAC05-ECF7-4DDD-A484-5E5EA8978BCD}.Development Editor|Win64.ActiveCfg = BuiltWithUnrealBuildTool|Win32
		{659CAC05-ECF7-4DDD-A484-5E5EA8978BCD}.Development Editor|Win64.Build.0 = BuiltWithUnrealBuildTool|Win32
		{659CAC05-ECF7-4DDD-A484-5E5EA8978BCD}.Development|HTML5.ActiveCfg = BuiltWithUnrealBuildTool|Win32
		{659CAC05-ECF7-4DDD-A484-5E5EA8978BCD}.Development|HTML5.Build.0 = BuiltWithUnrealBuildTool|Win32
		{659CAC05-ECF7-4DDD-A484-5E5EA8978BCD}.Development|Win32.ActiveCfg = BuiltWithUnrealBuildTool|Win32
		{659CAC05-ECF7-4DDD-A484-5E5EA8978BCD}.Development|Win32.Build.0 = BuiltWithUnrealBuildTool|Win32
		{659CAC05-ECF7-4DDD-A484-5E5EA8978BCD}.Development|Win64.ActiveCfg = BuiltWithUnrealBuildTool|Win32
		{659CAC05-ECF7-4DDD-A484-5E5EA8978BCD}.Development|Win64.Build.0 = BuiltWithUnrealBuildTool|Win32
		{659CAC05-ECF7-4DDD-A484-5E5EA8978BCD}.Shipping|HTML5.ActiveCfg = BuiltWithUnrealBuildTool|Win32
		{659CAC05-ECF7-4DDD-A484-5E5EA8978BCD}.Shipping|HTML5.Build.0 = BuiltWithUnrealBuildTool|Win32
		{659CAC05-ECF7-4DDD-A484-5E5EA8978BCD}.Shipping|Win32.ActiveCfg = BuiltWithUnrealBuildTool|Win32
		{659CAC05-ECF7-4DDD-A484-5E5EA8978BCD}.Shipping|Win32.Build.0 = BuiltWithUnrealBuildTool|Win32
		{659CAC05-ECF7-4DDD-A484-5E5EA8978BCD}.Shipping|Win64.ActiveCfg = BuiltWithUnrealBuildTool|Win32
		{659CAC05-ECF7-4DDD-A484-5E5EA8978BCD}.Shipping|Win64.Build.0 = BuiltWithUnrealBuildTool|Win32
		{C76F31CC-77B5-4BD2-BAF8-DDF257EC80DF}.DebugGame Editor|HTML5.ActiveCfg = HTML5_DebugGame_Editor|Win32
		{C76F31CC-77B5-4BD2-BAF8-DDF257EC80DF}.DebugGame Editor|Win32.ActiveCfg = DebugGame_Editor|Win32
		{C76F31CC-77B5-4BD2-BAF8-DDF257EC80DF}.DebugGame Editor|Win64.ActiveCfg = DebugGame_Editor|x64
		{C76F31CC-77B5-4BD2-BAF8-DDF257EC80DF}.DebugGame Editor|Win64.Build.0 = DebugGame_Editor|x64
		{C76F31CC-77B5-4BD2-BAF8-DDF257EC80DF}.DebugGame|HTML5.ActiveCfg = HTML5_DebugGame_Game|Win32
		{C76F31CC-77B5-4BD2-BAF8-DDF257EC80DF}.DebugGame|HTML5.Build.0 = HTML5_DebugGame_Game|Win32
		{C76F31CC-77B5-4BD2-BAF8-DDF257EC80DF}.DebugGame|Win32.ActiveCfg = DebugGame_Game|Win32
		{C76F31CC-77B5-4BD2-BAF8-DDF257EC80DF}.DebugGame|Win32.Build.0 = DebugGame_Game|Win32
		{C76F31CC-77B5-4BD2-BAF8-DDF257EC80DF}.DebugGame|Win64.ActiveCfg = DebugGame_Game|x64
		{C76F31CC-77B5-4BD2-BAF8-DDF257EC80DF}.DebugGame|Win64.Build.0 = DebugGame_Game|x64
		{C76F31CC-77B5-4BD2-BAF8-DDF257EC80DF}.Development Editor|HTML5.ActiveCfg = HTML5_Development_Editor|Win32
		{C76F31CC-77B5-4BD2-BAF8-DDF257EC80DF}.Development Editor|Win32.ActiveCfg = Development_Editor|Win32
		{C76F31CC-77B5-4BD2-BAF8-DDF257EC80DF}.Development Editor|Win64.ActiveCfg = Development_Editor|x64
		{C76F31CC-77B5-4BD2-BAF8-DDF257EC80DF}.Development Editor|Win64.Build.0 = Development_Editor|x64
		{C76F31CC-77B5-4BD2-BAF8-DDF257EC80DF}.Development|HTML5.ActiveCfg = HTML5_Development_Game|Win32
		{C76F31CC-77B5-4BD2-BAF8-DDF257EC80DF}.Development|HTML5.Build.0 = HTML5_Development_Game|Win32
		{C76F31CC-77B5-4BD2-BAF8-DDF257EC80DF}.Development|Win32.ActiveCfg = Development_Game|Win32
		{C76F31CC-77B5-4BD2-BAF8-DDF257EC80DF}.Development|Win32.Build.0 = Development_Game|Win32
		{C76F31CC-77B5-4BD2-BAF8-DDF257EC80DF}.Development|Win64.ActiveCfg = Development_Game|x64
		{C76F31CC-77B5-4BD2-BAF8-DDF257EC80DF}.Development|Win64.Build.0 = Development_Game|x64
		{C76F31CC-77B5-4BD2-BAF8-DDF257EC80DF}.Shipping|HTML5.ActiveCfg = HTML5_Shipping_Game|Win32
		{C76F31CC-77B5-4BD2-BAF8-DDF257EC80DF}.Shipping|HTML5.Build.0 = HTML5_Shipping_Game|Win32
		{C76F31CC-77B5-4BD2-BAF8-DDF257EC80DF}.Shipping|Win32.ActiveCfg = Shipping_Game|Win32
		{C76F31CC-77B5-4BD2-BAF8-DDF257EC80DF}.Shipping|Win32.Build.0 = Shipping_Game|Win32
		{C76F31CC-77B5-4BD2-BAF8-DDF257EC80DF}.Shipping|Win64.ActiveCfg = Shipping_Game|x64
		{C76F31CC-77B5-4BD2-BAF8-DDF257EC80DF}.Shipping|Win64.Build.0 = Shipping_Game|x64
	EndGlobalSection
	GlobalSection(SolutionProperties) = preSolution
		HideSolutionNode = FALSE
	EndGlobalSection
	GlobalSection(NestedProjects) = preSolution
		{659CAC05-ECF7-4DDD-A484-5E5EA8978BCD} = {5B61DD73-2771-4FEE-9247-30C4A071E48D}
		{C76F31CC-77B5-4BD2-BAF8-DDF257EC80DF} = {BE832207-3236-4BB4-A0BB-D40C92E270FB}
	EndGlobalSection
EndGlobal
